
Microsoft Visual Studio Solution File, Format Version 12.00
# Visual Studio Version 17
VisualStudioVersion = 17.8.34330.188
MinimumVisualStudioVersion = 10.0.40219.1
Project("{FAE04EC0-301F-11D3-BF4B-00C04F79EFBC}") = "SistemaDeTarefa", "SistemaDeTarefa\SistemaDeTarefa.csproj", "{A4ECAA38-F345-41BC-B3DE-3C7414F7364B}"
EndProject
Global
	GlobalSection(SolutionConfigurationPlatforms) = preSolution
		Debug|Any CPU = Debug|Any CPU
		Release|Any CPU = Release|Any CPU
	EndGlobalSection
	GlobalSection(ProjectConfigurationPlatforms) = postSolution
		{A4ECAA38-F345-41BC-B3DE-3C7414F7364B}.Debug|Any CPU.ActiveCfg = Debug|Any CPU
		{A4ECAA38-F345-41BC-B3DE-3C7414F7364B}.Debug|Any CPU.Build.0 = Debug|Any CPU
		{A4ECAA38-F345-41BC-B3DE-3C7414F7364B}.Release|Any CPU.ActiveCfg = Release|Any CPU
		{A4ECAA38-F345-41BC-B3DE-3C7414F7364B}.Release|Any CPU.Build.0 = Release|Any CPU
	EndGlobalSection
	GlobalSection(SolutionProperties) = preSolution
		HideSolutionNode = FALSE
	EndGlobalSection
	GlobalSection(ExtensibilityGlobals) = postSolution
		SolutionGuid = {05999578-6440-400B-AF78-74A6F1F6BFAD}
	EndGlobalSection
EndGlobal
